{
  "name": "graphos_site",
  "version": "1.0.0",
  "lockfileVersion": 3,
  "requires": true,
  "packages": {
    "": {
      "name": "graphos_site",
      "version": "1.0.0",
      "dependencies": {
        "@fontsource-variable/eb-garamond": "^5.3.0",
        "@fontsource-variable/manrope": "^5.3.0",
        "@phosphor-icons/core": "^2.1.1",
        "gsap": "^3.15.0"
      }
    },
    "node_modules/@fontsource-variable/eb-garamond": {
      "version": "5.3.0",
      "resolved": "https://registry.npmjs.org/@fontsource-variable/eb-garamond/-/eb-garamond-5.3.0.tgz",
      "integrity": "sha512-656OJsA9Vv24yhqRZFEzXnzS2AYgKdEILLgHJYLzzXndgcWFKfSXFqzbRI5/6Yk1Yt7UfWrUeppE5nRQPQMwlQ==",
      "license": "OFL-1.1",
      "funding": {
        "url": "https://github.com/sponsors/ayuhito"
      }
    },
    "node_modules/@fontsource-variable/manrope": {
      "version": "5.3.0",
      "resolved": "https://registry.npmjs.org/@fontsource-variable/manrope/-/manrope-5.3.0.tgz",
      "integrity": "sha512-6D5dgokHsWDDMtmXHznKa0hK229NN+1a4BLPmUCLqcO1Pw5EEhWY5RFt0AcXnVRAljFFPfRtLkJePQj6LSsV6g==",
      "license": "OFL-1.1",
      "funding": {
        "url": "https://github.com/sponsors/ayuhito"
      }
    },
    "node_modules/@phosphor-icons/core": {
      "version": "2.1.1",
      "resolved": "https://registry.npmjs.org/@phosphor-icons/core/-/core-2.1.1.tgz",
      "integrity": "sha512-v4ARvrip4qBCImOE5rmPUylOEK4iiED9ZyKjcvzuezqMaiRASCHKcRIuvvxL/twvLpkfnEODCOJp5dM4eZilxQ==",
      "license": "MIT"
    },
    "node_modules/gsap": {
      "version": "3.15.0",
      "resolved": "https://registry.npmjs.org/gsap/-/gsap-3.15.0.tgz",
      "integrity": "sha512-dMW4CWBTUK1AEEDeZc1g4xpPGIrSf9fJF960qbTZmN/QwZIWY5wgliS6JWl9/25fpTGJrMRtSjGtOmPnfjZB+A==",
      "license": "Standard 'no charge' license: https://gsap.com/standard-license."
    }
  }
}
